
Microsoft Visual Studio Solution File, Format Version 12.00
# Visual Studio Version 17
VisualStudioVersion = 17.9.34728.123
MinimumVisualStudioVersion = 10.0.40219.1
Project("{FAE04EC0-301F-11D3-BF4B-00C04F79EFBC}") = "Client", "Client\Client.csproj", "{87C37B7D-2BEE-4FC5-AE66-1404C2F8D967}"
EndProject
Global
	GlobalSection(SolutionConfigurationPlatforms) = preSolution
		Debug|Any CPU = Debug|Any CPU
		Release|Any CPU = Release|Any CPU
	EndGlobalSection
	GlobalSection(ProjectConfigurationPlatforms) = postSolution
		{87C37B7D-2BEE-4FC5-AE66-1404C2F8D967}.Debug|Any CPU.ActiveCfg = Debug|Any CPU
		{87C37B7D-2BEE-4FC5-AE66-1404C2F8D967}.Debug|Any CPU.Build.0 = Debug|Any CPU
		{87C37B7D-2BEE-4FC5-AE66-1404C2F8D967}.Release|Any CPU.ActiveCfg = Release|Any CPU
		{87C37B7D-2BEE-4FC5-AE66-1404C2F8D967}.Release|Any CPU.Build.0 = Release|Any CPU
	EndGlobalSection
	GlobalSection(SolutionProperties) = preSolution
		HideSolutionNode = FALSE
	EndGlobalSection
	GlobalSection(ExtensibilityGlobals) = postSolution
		SolutionGuid = {6E223AD4-7A6E-4D11-B4A8-E32286228E03}
	EndGlobalSection
EndGlobal
