
Microsoft Visual Studio Solution File, Format Version 12.00
# Visual Studio Version 17
VisualStudioVersion = 17.9.34728.123
MinimumVisualStudioVersion = 10.0.40219.1
Project("{FAE04EC0-301F-11D3-BF4B-00C04F79EFBC}") = "YouTube_API_Comments_Analyzer", "YouTube_API_Comments_Analyzer\YouTube_API_Comments_Analyzer.csproj", "{CCF83F21-B37F-4334-9A60-710A9127833F}"
EndProject
Global
	GlobalSection(SolutionConfigurationPlatforms) = preSolution
		Debug|Any CPU = Debug|Any CPU
		Release|Any CPU = Release|Any CPU
	EndGlobalSection
	GlobalSection(ProjectConfigurationPlatforms) = postSolution
		{CCF83F21-B37F-4334-9A60-710A9127833F}.Debug|Any CPU.ActiveCfg = Debug|Any CPU
		{CCF83F21-B37F-4334-9A60-710A9127833F}.Debug|Any CPU.Build.0 = Debug|Any CPU
		{CCF83F21-B37F-4334-9A60-710A9127833F}.Release|Any CPU.ActiveCfg = Release|Any CPU
		{CCF83F21-B37F-4334-9A60-710A9127833F}.Release|Any CPU.Build.0 = Release|Any CPU
	EndGlobalSection
	GlobalSection(SolutionProperties) = preSolution
		HideSolutionNode = FALSE
	EndGlobalSection
	GlobalSection(ExtensibilityGlobals) = postSolution
		SolutionGuid = {FDD9D8AA-F563-4108-8C86-2F29015C0333}
	EndGlobalSection
EndGlobal
